{
  "name": "local-development-proxy",
  "lockfileVersion": 3,
  "requires": true,
  "packages": {
    "": {
      "name": "local-development-proxy",
      "dependencies": {
        "portless": "0.15.6"
      },
      "engines": {
        "node": ">=24"
      }
    },
    "node_modules/portless": {
      "version": "0.15.6",
      "resolved": "https://registry.npmjs.org/portless/-/portless-0.15.6.tgz",
      "integrity": "sha512-uOAwWLF32rmyEGFASzSO0VOaqb/AQxFCCzyZbPGd82UNNOfIEvc09zy92nroNibE5HNfzV4oVB0ObKbPXgkM9A==",
      "license": "Apache-2.0",
      "os": [
        "darwin",
        "linux",
        "win32"
      ],
      "bin": {
        "portless": "dist/cli.js"
      },
      "engines": {
        "node": ">=24"
      }
    }
  }
}